{
  "requires": true,
  "lockfileVersion": 1,
  "dependencies": {
    "sweetalert2": {
      "version": "9.15.3",
      "resolved": "https://registry.npmjs.org/sweetalert2/-/sweetalert2-9.15.3.tgz",
      "integrity": "sha512-2DVpt5S6xsrUnZ9U4IWw4JBMOP4YuDtMx/GYTvSvu1mwgkUHV+8so50yEJRSxqWSGkJ0PB6hzqq4J7C9WU2V1w=="
    }
  }
}
